
Microsoft Visual Studio Solution File, Format Version 12.00
# Visual Studio 15
VisualStudioVersion = 15.0.27130.2010
MinimumVisualStudioVersion = 10.0.40219.1
Project("{9A19103F-16F7-4668-BE54-9A1E7A4F7556}") = "WebCrosswordLearning", "WebCrosswordLearning\WebCrosswordLearning.csproj", "{A1B47FF2-1A1D-4415-AC0F-C55B9730D476}"
EndProject
Project("{FAE04EC0-301F-11D3-BF4B-00C04F79EFBC}") = "DesctopCrosswordLearning", "DesctopCrosswordLearning\DesctopCrosswordLearning.csproj", "{944DE5D9-B42A-413D-B761-0ED91BFB39F9}"
EndProject
Project("{FAE04EC0-301F-11D3-BF4B-00C04F79EFBC}") = "LogicCrosswordLearning", "LogicCrosswordLearning\LogicCrosswordLearning.csproj", "{5C267977-76F7-4182-A0CF-79030456EE94}"
EndProject
Project("{FAE04EC0-301F-11D3-BF4B-00C04F79EFBC}") = "TestLogicCrosswordLearning", "TestLogicCrosswordLearning\TestLogicCrosswordLearning.csproj", "{5F4314D5-5B43-4D9D-B4FC-1796524F7F85}"
EndProject
Project("{FAE04EC0-301F-11D3-BF4B-00C04F79EFBC}") = "WebCrosswordLearning461", "WebCrosswordLearning461\WebCrosswordLearning461.csproj", "{2A216D20-E0FD-4DFA-808A-278125707229}"
EndProject
Global
	GlobalSection(SolutionConfigurationPlatforms) = preSolution
		Debug|Any CPU = Debug|Any CPU
		Release|Any CPU = Release|Any CPU
	EndGlobalSection
	GlobalSection(ProjectConfigurationPlatforms) = postSolution
		{A1B47FF2-1A1D-4415-AC0F-C55B9730D476}.Debug|Any CPU.ActiveCfg = Debug|Any CPU
		{A1B47FF2-1A1D-4415-AC0F-C55B9730D476}.Debug|Any CPU.Build.0 = Debug|Any CPU
		{A1B47FF2-1A1D-4415-AC0F-C55B9730D476}.Release|Any CPU.ActiveCfg = Release|Any CPU
		{A1B47FF2-1A1D-4415-AC0F-C55B9730D476}.Release|Any CPU.Build.0 = Release|Any CPU
		{944DE5D9-B42A-413D-B761-0ED91BFB39F9}.Debug|Any CPU.ActiveCfg = Debug|Any CPU
		{944DE5D9-B42A-413D-B761-0ED91BFB39F9}.Debug|Any CPU.Build.0 = Debug|Any CPU
		{944DE5D9-B42A-413D-B761-0ED91BFB39F9}.Release|Any CPU.ActiveCfg = Release|Any CPU
		{944DE5D9-B42A-413D-B761-0ED91BFB39F9}.Release|Any CPU.Build.0 = Release|Any CPU
		{5C267977-76F7-4182-A0CF-79030456EE94}.Debug|Any CPU.ActiveCfg = Debug|Any CPU
		{5C267977-76F7-4182-A0CF-79030456EE94}.Debug|Any CPU.Build.0 = Debug|Any CPU
		{5C267977-76F7-4182-A0CF-79030456EE94}.Release|Any CPU.ActiveCfg = Release|Any CPU
		{5C267977-76F7-4182-A0CF-79030456EE94}.Release|Any CPU.Build.0 = Release|Any CPU
		{5F4314D5-5B43-4D9D-B4FC-1796524F7F85}.Debug|Any CPU.ActiveCfg = Debug|Any CPU
		{5F4314D5-5B43-4D9D-B4FC-1796524F7F85}.Debug|Any CPU.Build.0 = Debug|Any CPU
		{5F4314D5-5B43-4D9D-B4FC-1796524F7F85}.Release|Any CPU.ActiveCfg = Release|Any CPU
		{5F4314D5-5B43-4D9D-B4FC-1796524F7F85}.Release|Any CPU.Build.0 = Release|Any CPU
		{2A216D20-E0FD-4DFA-808A-278125707229}.Debug|Any CPU.ActiveCfg = Debug|Any CPU
		{2A216D20-E0FD-4DFA-808A-278125707229}.Debug|Any CPU.Build.0 = Debug|Any CPU
		{2A216D20-E0FD-4DFA-808A-278125707229}.Release|Any CPU.ActiveCfg = Release|Any CPU
		{2A216D20-E0FD-4DFA-808A-278125707229}.Release|Any CPU.Build.0 = Release|Any CPU
	EndGlobalSection
	GlobalSection(SolutionProperties) = preSolution
		HideSolutionNode = FALSE
	EndGlobalSection
	GlobalSection(ExtensibilityGlobals) = postSolution
		SolutionGuid = {AF3A8673-8776-4D7F-8D82-5AB7907C8378}
	EndGlobalSection
EndGlobal
